
Microsoft Visual Studio Solution File, Format Version 12.00
# Visual Studio Version 17
VisualStudioVersion = 17.11.35222.181
MinimumVisualStudioVersion = 10.0.40219.1
Project("{FAE04EC0-301F-11D3-BF4B-00C04F79EFBC}") = "WebApi0", "WebApi0\WebApi0.csproj", "{00FDC22B-D80D-499C-9900-2946C6A40DF6}"
EndProject
Project("{FAE04EC0-301F-11D3-BF4B-00C04F79EFBC}") = "Models", "Models\Models.csproj", "{12BD63CE-54A0-4C2F-A110-720C517382DC}"
EndProject
Global
	GlobalSection(SolutionConfigurationPlatforms) = preSolution
		Debug|Any CPU = Debug|Any CPU
		Release|Any CPU = Release|Any CPU
	EndGlobalSection
	GlobalSection(ProjectConfigurationPlatforms) = postSolution
		{00FDC22B-D80D-499C-9900-2946C6A40DF6}.Debug|Any CPU.ActiveCfg = Debug|Any CPU
		{00FDC22B-D80D-499C-9900-2946C6A40DF6}.Debug|Any CPU.Build.0 = Debug|Any CPU
		{00FDC22B-D80D-499C-9900-2946C6A40DF6}.Release|Any CPU.ActiveCfg = Release|Any CPU
		{00FDC22B-D80D-499C-9900-2946C6A40DF6}.Release|Any CPU.Build.0 = Release|Any CPU
		{12BD63CE-54A0-4C2F-A110-720C517382DC}.Debug|Any CPU.ActiveCfg = Debug|Any CPU
		{12BD63CE-54A0-4C2F-A110-720C517382DC}.Debug|Any CPU.Build.0 = Debug|Any CPU
		{12BD63CE-54A0-4C2F-A110-720C517382DC}.Release|Any CPU.ActiveCfg = Release|Any CPU
		{12BD63CE-54A0-4C2F-A110-720C517382DC}.Release|Any CPU.Build.0 = Release|Any CPU
	EndGlobalSection
	GlobalSection(SolutionProperties) = preSolution
		HideSolutionNode = FALSE
	EndGlobalSection
	GlobalSection(ExtensibilityGlobals) = postSolution
		SolutionGuid = {59C745A1-5DBF-4C17-B620-5E546C37F002}
	EndGlobalSection
EndGlobal
